
Microsoft Visual Studio Solution File, Format Version 12.00
# Visual Studio Version 16
VisualStudioVersion = 16.0.30406.217
MinimumVisualStudioVersion = 10.0.40219.1
Project("{FAE04EC0-301F-11D3-BF4B-00C04F79EFBC}") = "PocSecurity", "PocSecurity\PocSecurity.csproj", "{0486D22D-78A6-476E-BBC4-FBC44078D03A}"
EndProject
Global
	GlobalSection(SolutionConfigurationPlatforms) = preSolution
		Debug|Any CPU = Debug|Any CPU
		Release|Any CPU = Release|Any CPU
	EndGlobalSection
	GlobalSection(ProjectConfigurationPlatforms) = postSolution
		{0486D22D-78A6-476E-BBC4-FBC44078D03A}.Debug|Any CPU.ActiveCfg = Debug|Any CPU
		{0486D22D-78A6-476E-BBC4-FBC44078D03A}.Debug|Any CPU.Build.0 = Debug|Any CPU
		{0486D22D-78A6-476E-BBC4-FBC44078D03A}.Release|Any CPU.ActiveCfg = Release|Any CPU
		{0486D22D-78A6-476E-BBC4-FBC44078D03A}.Release|Any CPU.Build.0 = Release|Any CPU
	EndGlobalSection
	GlobalSection(SolutionProperties) = preSolution
		HideSolutionNode = FALSE
	EndGlobalSection
	GlobalSection(ExtensibilityGlobals) = postSolution
		SolutionGuid = {8C8A38EB-62EB-43D9-9143-3B1B100BAB6A}
	EndGlobalSection
EndGlobal
